
Microsoft Visual Studio Solution File, Format Version 12.00
# Visual Studio Version 16
VisualStudioVersion = 16.0.31702.278
MinimumVisualStudioVersion = 10.0.40219.1
Project("{FAE04EC0-301F-11D3-BF4B-00C04F79EFBC}") = "image-capture-edit-21.UWP", "image-capture-edit-21\image-capture-edit-21.UWP\image-capture-edit-21.UWP.csproj", "{E143D55B-427A-41E0-BC0C-B28D5E5C029B}"
EndProject
Project("{FAE04EC0-301F-11D3-BF4B-00C04F79EFBC}") = "image-capture-edit-21.Android", "image-capture-edit-21\image-capture-edit-21.Android\image-capture-edit-21.Android.csproj", "{457C997A-D516-4166-ADA9-6A6D0F623345}"
EndProject
Project("{FAE04EC0-301F-11D3-BF4B-00C04F79EFBC}") = "image-capture-edit-21.iOS", "image-capture-edit-21\image-capture-edit-21.iOS\image-capture-edit-21.iOS.csproj", "{EC3E957F-6CEC-4652-A1E3-0B6A4DCC61D8}"
EndProject
Project("{FAE04EC0-301F-11D3-BF4B-00C04F79EFBC}") = "image-capture-edit-21", "image-capture-edit-21\image-capture-edit-21\image-capture-edit-21.csproj", "{C549ED1F-D6A4-4D5D-925A-43F9289994F4}"
EndProject
Global
	GlobalSection(SolutionConfigurationPlatforms) = preSolution
		Debug|Any CPU = Debug|Any CPU
		Debug|ARM = Debug|ARM
		Debug|iPhone = Debug|iPhone
		Debug|iPhoneSimulator = Debug|iPhoneSimulator
		Debug|x64 = Debug|x64
		Debug|x86 = Debug|x86
		Release|Any CPU = Release|Any CPU
		Release|ARM = Release|ARM
		Release|iPhone = Release|iPhone
		Release|iPhoneSimulator = Release|iPhoneSimulator
		Release|x64 = Release|x64
		Release|x86 = Release|x86
	EndGlobalSection
	GlobalSection(ProjectConfigurationPlatforms) = postSolution
		{E143D55B-427A-41E0-BC0C-B28D5E5C029B}.Debug|Any CPU.ActiveCfg = Debug|x86
		{E143D55B-427A-41E0-BC0C-B28D5E5C029B}.Debug|Any CPU.Build.0 = Debug|x86
		{E143D55B-427A-41E0-BC0C-B28D5E5C029B}.Debug|Any CPU.Deploy.0 = Debug|x86
		{E143D55B-427A-41E0-BC0C-B28D5E5C029B}.Debug|ARM.ActiveCfg = Debug|ARM
		{E143D55B-427A-41E0-BC0C-B28D5E5C029B}.Debug|ARM.Build.0 = Debug|ARM
		{E143D55B-427A-41E0-BC0C-B28D5E5C029B}.Debug|ARM.Deploy.0 = Debug|ARM
		{E143D55B-427A-41E0-BC0C-B28D5E5C029B}.Debug|iPhone.ActiveCfg = Debug|x86
		{E143D55B-427A-41E0-BC0C-B28D5E5C029B}.Debug|iPhone.Build.0 = Debug|x86
		{E143D55B-427A-41E0-BC0C-B28D5E5C029B}.Debug|iPhone.Deploy.0 = Debug|x86
		{E143D55B-427A-41E0-BC0C-B28D5E5C029B}.Debug|iPhoneSimulator.ActiveCfg = Debug|x86
		{E143D55B-427A-41E0-BC0C-B28D5E5C029B}.Debug|iPhoneSimulator.Build.0 = Debug|x86
		{E143D55B-427A-41E0-BC0C-B28D5E5C029B}.Debug|iPhoneSimulator.Deploy.0 = Debug|x86
		{E143D55B-427A-41E0-BC0C-B28D5E5C029B}.Debug|x64.ActiveCfg = Debug|x64
		{E143D55B-427A-41E0-BC0C-B28D5E5C029B}.Debug|x64.Build.0 = Debug|x64
		{E143D55B-427A-41E0-BC0C-B28D5E5C029B}.Debug|x64.Deploy.0 = Debug|x64
		{E143D55B-427A-41E0-BC0C-B28D5E5C029B}.Debug|x86.ActiveCfg = Debug|x86
		{E143D55B-427A-41E0-BC0C-B28D5E5C029B}.Debug|x86.Build.0 = Debug|x86
		{E143D55B-427A-41E0-BC0C-B28D5E5C029B}.Debug|x86.Deploy.0 = Debug|x86
		{E143D55B-427A-41E0-BC0C-B28D5E5C029B}.Release|Any CPU.ActiveCfg = Release|x86
		{E143D55B-427A-41E0-BC0C-B28D5E5C029B}.Release|Any CPU.Build.0 = Release|x86
		{E143D55B-427A-41E0-BC0C-B28D5E5C029B}.Release|Any CPU.Deploy.0 = Release|x86
		{E143D55B-427A-41E0-BC0C-B28D5E5C029B}.Release|ARM.ActiveCfg = Release|ARM
		{E143D55B-427A-41E0-BC0C-B28D5E5C029B}.Release|ARM.Build.0 = Release|ARM
		{E143D55B-427A-41E0-BC0C-B28D5E5C029B}.Release|ARM.Deploy.0 = Release|ARM
		{E143D55B-427A-41E0-BC0C-B28D5E5C029B}.Release|iPhone.ActiveCfg = Release|x86
		{E143D55B-427A-41E0-BC0C-B28D5E5C029B}.Release|iPhone.Build.0 = Release|x86
		{E143D55B-427A-41E0-BC0C-B28D5E5C029B}.Release|iPhone.Deploy.0 = Release|x86
		{E143D55B-427A-41E0-BC0C-B28D5E5C029B}.Release|iPhoneSimulator.ActiveCfg = Release|x86
		{E143D55B-427A-41E0-BC0C-B28D5E5C029B}.Release|iPhoneSimulator.Build.0 = Release|x86
		{E143D55B-427A-41E0-BC0C-B28D5E5C029B}.Release|iPhoneSimulator.Deploy.0 = Release|x86
		{E143D55B-427A-41E0-BC0C-B28D5E5C029B}.Release|x64.ActiveCfg = Release|x64
		{E143D55B-427A-41E0-BC0C-B28D5E5C029B}.Release|x64.Build.0 = Release|x64
		{E143D55B-427A-41E0-BC0C-B28D5E5C029B}.Release|x64.Deploy.0 = Release|x64
		{E143D55B-427A-41E0-BC0C-B28D5E5C029B}.Release|x86.ActiveCfg = Release|x86
		{E143D55B-427A-41E0-BC0C-B28D5E5C029B}.Release|x86.Build.0 = Release|x86
		{E143D55B-427A-41E0-BC0C-B28D5E5C029B}.Release|x86.Deploy.0 = Release|x86
		{457C997A-D516-4166-ADA9-6A6D0F623345}.Debug|Any CPU.ActiveCfg = Debug|Any CPU
		{457C997A-D516-4166-ADA9-6A6D0F623345}.Debug|Any CPU.Build.0 = Debug|Any CPU
		{457C997A-D516-4166-ADA9-6A6D0F623345}.Debug|Any CPU.Deploy.0 = Debug|Any CPU
		{457C997A-D516-4166-ADA9-6A6D0F623345}.Debug|ARM.ActiveCfg = Debug|Any CPU
		{457C997A-D516-4166-ADA9-6A6D0F623345}.Debug|ARM.Build.0 = Debug|Any CPU
		{457C997A-D516-4166-ADA9-6A6D0F623345}.Debug|ARM.Deploy.0 = Debug|Any CPU
		{457C997A-D516-4166-ADA9-6A6D0F623345}.Debug|iPhone.ActiveCfg = Debug|Any CPU
		{457C997A-D516-4166-ADA9-6A6D0F623345}.Debug|iPhone.Build.0 = Debug|Any CPU
		{457C997A-D516-4166-ADA9-6A6D0F623345}.Debug|iPhone.Deploy.0 = Debug|Any CPU
		{457C997A-D516-4166-ADA9-6A6D0F623345}.Debug|iPhoneSimulator.ActiveCfg = Debug|Any CPU
		{457C997A-D516-4166-ADA9-6A6D0F623345}.Debug|iPhoneSimulator.Build.0 = Debug|Any CPU
		{457C997A-D516-4166-ADA9-6A6D0F623345}.Debug|iPhoneSimulator.Deploy.0 = Debug|Any CPU
		{457C997A-D516-4166-ADA9-6A6D0F623345}.Debug|x64.ActiveCfg = Debug|Any CPU
		{457C997A-D516-4166-ADA9-6A6D0F623345}.Debug|x64.Build.0 = Debug|Any CPU
		{457C997A-D516-4166-ADA9-6A6D0F623345}.Debug|x64.Deploy.0 = Debug|Any CPU
		{457C997A-D516-4166-ADA9-6A6D0F623345}.Debug|x86.ActiveCfg = Debug|Any CPU
		{457C997A-D516-4166-ADA9-6A6D0F623345}.Debug|x86.Build.0 = Debug|Any CPU
		{457C997A-D516-4166-ADA9-6A6D0F623345}.Debug|x86.Deploy.0 = Debug|Any CPU
		{457C997A-D516-4166-ADA9-6A6D0F623345}.Release|Any CPU.ActiveCfg = Release|Any CPU
		{457C997A-D516-4166-ADA9-6A6D0F623345}.Release|Any CPU.Build.0 = Release|Any CPU
		{457C997A-D516-4166-ADA9-6A6D0F623345}.Release|Any CPU.Deploy.0 = Release|Any CPU
		{457C997A-D516-4166-ADA9-6A6D0F623345}.Release|ARM.ActiveCfg = Release|Any CPU
		{457C997A-D516-4166-ADA9-6A6D0F623345}.Release|ARM.Build.0 = Release|Any CPU
		{457C997A-D516-4166-ADA9-6A6D0F623345}.Release|ARM.Deploy.0 = Release|Any CPU
		{457C997A-D516-4166-ADA9-6A6D0F623345}.Release|iPhone.ActiveCfg = Release|Any CPU
		{457C997A-D516-4166-ADA9-6A6D0F623345}.Release|iPhone.Build.0 = Release|Any CPU
		{457C997A-D516-4166-ADA9-6A6D0F623345}.Release|iPhone.Deploy.0 = Release|Any CPU
		{457C997A-D516-4166-ADA9-6A6D0F623345}.Release|iPhoneSimulator.ActiveCfg = Release|Any CPU
		{457C997A-D516-4166-ADA9-6A6D0F623345}.Release|iPhoneSimulator.Build.0 = Release|Any CPU
		{457C997A-D516-4166-ADA9-6A6D0F623345}.Release|iPhoneSimulator.Deploy.0 = Release|Any CPU
		{457C997A-D516-4166-ADA9-6A6D0F623345}.Release|x64.ActiveCfg = Release|Any CPU
		{457C997A-D516-4166-ADA9-6A6D0F623345}.Release|x64.Build.0 = Release|Any CPU
		{457C997A-D516-4166-ADA9-6A6D0F623345}.Release|x64.Deploy.0 = Release|Any CPU
		{457C997A-D516-4166-ADA9-6A6D0F623345}.Release|x86.ActiveCfg = Release|Any CPU
		{457C997A-D516-4166-ADA9-6A6D0F623345}.Release|x86.Build.0 = Release|Any CPU
		{457C997A-D516-4166-ADA9-6A6D0F623345}.Release|x86.Deploy.0 = Release|Any CPU
		{EC3E957F-6CEC-4652-A1E3-0B6A4DCC61D8}.Debug|Any CPU.ActiveCfg = Debug|iPhoneSimulator
		{EC3E957F-6CEC-4652-A1E3-0B6A4DCC61D8}.Debug|Any CPU.Build.0 = Debug|iPhoneSimulator
		{EC3E957F-6CEC-4652-A1E3-0B6A4DCC61D8}.Debug|Any CPU.Deploy.0 = Debug|iPhoneSimulator
		{EC3E957F-6CEC-4652-A1E3-0B6A4DCC61D8}.Debug|ARM.ActiveCfg = Debug|iPhone
		{EC3E957F-6CEC-4652-A1E3-0B6A4DCC61D8}.Debug|ARM.Build.0 = Debug|iPhone
		{EC3E957F-6CEC-4652-A1E3-0B6A4DCC61D8}.Debug|ARM.Deploy.0 = Debug|iPhone
		{EC3E957F-6CEC-4652-A1E3-0B6A4DCC61D8}.Debug|iPhone.ActiveCfg = Debug|iPhone
		{EC3E957F-6CEC-4652-A1E3-0B6A4DCC61D8}.Debug|iPhone.Build.0 = Debug|iPhone
		{EC3E957F-6CEC-4652-A1E3-0B6A4DCC61D8}.Debug|iPhone.Deploy.0 = Debug|iPhone
		{EC3E957F-6CEC-4652-A1E3-0B6A4DCC61D8}.Debug|iPhoneSimulator.ActiveCfg = Debug|iPhoneSimulator
		{EC3E957F-6CEC-4652-A1E3-0B6A4DCC61D8}.Debug|iPhoneSimulator.Build.0 = Debug|iPhoneSimulator
		{EC3E957F-6CEC-4652-A1E3-0B6A4DCC61D8}.Debug|iPhoneSimulator.Deploy.0 = Debug|iPhoneSimulator
		{EC3E957F-6CEC-4652-A1E3-0B6A4DCC61D8}.Debug|x64.ActiveCfg = Debug|iPhoneSimulator
		{EC3E957F-6CEC-4652-A1E3-0B6A4DCC61D8}.Debug|x64.Build.0 = Debug|iPhoneSimulator
		{EC3E957F-6CEC-4652-A1E3-0B6A4DCC61D8}.Debug|x64.Deploy.0 = Debug|iPhoneSimulator
		{EC3E957F-6CEC-4652-A1E3-0B6A4DCC61D8}.Debug|x86.ActiveCfg = Debug|iPhoneSimulator
		{EC3E957F-6CEC-4652-A1E3-0B6A4DCC61D8}.Debug|x86.Build.0 = Debug|iPhoneSimulator
		{EC3E957F-6CEC-4652-A1E3-0B6A4DCC61D8}.Debug|x86.Deploy.0 = Debug|iPhoneSimulator
		{EC3E957F-6CEC-4652-A1E3-0B6A4DCC61D8}.Release|Any CPU.ActiveCfg = Release|iPhoneSimulator
		{EC3E957F-6CEC-4652-A1E3-0B6A4DCC61D8}.Release|Any CPU.Build.0 = Release|iPhoneSimulator
		{EC3E957F-6CEC-4652-A1E3-0B6A4DCC61D8}.Release|Any CPU.Deploy.0 = Release|iPhoneSimulator
		{EC3E957F-6CEC-4652-A1E3-0B6A4DCC61D8}.Release|ARM.ActiveCfg = Release|iPhoneSimulator
		{EC3E957F-6CEC-4652-A1E3-0B6A4DCC61D8}.Release|ARM.Build.0 = Release|iPhoneSimulator
		{EC3E957F-6CEC-4652-A1E3-0B6A4DCC61D8}.Release|ARM.Deploy.0 = Release|iPhoneSimulator
		{EC3E957F-6CEC-4652-A1E3-0B6A4DCC61D8}.Release|iPhone.ActiveCfg = Release|iPhone
		{EC3E957F-6CEC-4652-A1E3-0B6A4DCC61D8}.Release|iPhone.Build.0 = Release|iPhone
		{EC3E957F-6CEC-4652-A1E3-0B6A4DCC61D8}.Release|iPhone.Deploy.0 = Release|iPhone
		{EC3E957F-6CEC-4652-A1E3-0B6A4DCC61D8}.Release|iPhoneSimulator.ActiveCfg = Release|iPhoneSimulator
		{EC3E957F-6CEC-4652-A1E3-0B6A4DCC61D8}.Release|iPhoneSimulator.Build.0 = Release|iPhoneSimulator
		{EC3E957F-6CEC-4652-A1E3-0B6A4DCC61D8}.Release|iPhoneSimulator.Deploy.0 = Release|iPhoneSimulator
		{EC3E957F-6CEC-4652-A1E3-0B6A4DCC61D8}.Release|x64.ActiveCfg = Release|iPhoneSimulator
		{EC3E957F-6CEC-4652-A1E3-0B6A4DCC61D8}.Release|x64.Build.0 = Release|iPhoneSimulator
		{EC3E957F-6CEC-4652-A1E3-0B6A4DCC61D8}.Release|x64.Deploy.0 = Release|iPhoneSimulator
		{EC3E957F-6CEC-4652-A1E3-0B6A4DCC61D8}.Release|x86.ActiveCfg = Release|iPhoneSimulator
		{EC3E957F-6CEC-4652-A1E3-0B6A4DCC61D8}.Release|x86.Build.0 = Release|iPhoneSimulator
		{EC3E957F-6CEC-4652-A1E3-0B6A4DCC61D8}.Release|x86.Deploy.0 = Release|iPhoneSimulator
		{C549ED1F-D6A4-4D5D-925A-43F9289994F4}.Debug|Any CPU.ActiveCfg = Debug|Any CPU
		{C549ED1F-D6A4-4D5D-925A-43F9289994F4}.Debug|Any CPU.Build.0 = Debug|Any CPU
		{C549ED1F-D6A4-4D5D-925A-43F9289994F4}.Debug|Any CPU.Deploy.0 = Debug|Any CPU
		{C549ED1F-D6A4-4D5D-925A-43F9289994F4}.Debug|ARM.ActiveCfg = Debug|Any CPU
		{C549ED1F-D6A4-4D5D-925A-43F9289994F4}.Debug|ARM.Build.0 = Debug|Any CPU
		{C549ED1F-D6A4-4D5D-925A-43F9289994F4}.Debug|ARM.Deploy.0 = Debug|Any CPU
		{C549ED1F-D6A4-4D5D-925A-43F9289994F4}.Debug|iPhone.ActiveCfg = Debug|Any CPU
		{C549ED1F-D6A4-4D5D-925A-43F9289994F4}.Debug|iPhone.Build.0 = Debug|Any CPU
		{C549ED1F-D6A4-4D5D-925A-43F9289994F4}.Debug|iPhone.Deploy.0 = Debug|Any CPU
		{C549ED1F-D6A4-4D5D-925A-43F9289994F4}.Debug|iPhoneSimulator.ActiveCfg = Debug|Any CPU
		{C549ED1F-D6A4-4D5D-925A-43F9289994F4}.Debug|iPhoneSimulator.Build.0 = Debug|Any CPU
		{C549ED1F-D6A4-4D5D-925A-43F9289994F4}.Debug|iPhoneSimulator.Deploy.0 = Debug|Any CPU
		{C549ED1F-D6A4-4D5D-925A-43F9289994F4}.Debug|x64.ActiveCfg = Debug|Any CPU
		{C549ED1F-D6A4-4D5D-925A-43F9289994F4}.Debug|x64.Build.0 = Debug|Any CPU
		{C549ED1F-D6A4-4D5D-925A-43F9289994F4}.Debug|x64.Deploy.0 = Debug|Any CPU
		{C549ED1F-D6A4-4D5D-925A-43F9289994F4}.Debug|x86.ActiveCfg = Debug|Any CPU
		{C549ED1F-D6A4-4D5D-925A-43F9289994F4}.Debug|x86.Build.0 = Debug|Any CPU
		{C549ED1F-D6A4-4D5D-925A-43F9289994F4}.Debug|x86.Deploy.0 = Debug|Any CPU
		{C549ED1F-D6A4-4D5D-925A-43F9289994F4}.Release|Any CPU.ActiveCfg = Release|Any CPU
		{C549ED1F-D6A4-4D5D-925A-43F9289994F4}.Release|Any CPU.Build.0 = Release|Any CPU
		{C549ED1F-D6A4-4D5D-925A-43F9289994F4}.Release|Any CPU.Deploy.0 = Release|Any CPU
		{C549ED1F-D6A4-4D5D-925A-43F9289994F4}.Release|ARM.ActiveCfg = Release|Any CPU
		{C549ED1F-D6A4-4D5D-925A-43F9289994F4}.Release|ARM.Build.0 = Release|Any CPU
		{C549ED1F-D6A4-4D5D-925A-43F9289994F4}.Release|ARM.Deploy.0 = Release|Any CPU
		{C549ED1F-D6A4-4D5D-925A-43F9289994F4}.Release|iPhone.ActiveCfg = Release|Any CPU
		{C549ED1F-D6A4-4D5D-925A-43F9289994F4}.Release|iPhone.Build.0 = Release|Any CPU
		{C549ED1F-D6A4-4D5D-925A-43F9289994F4}.Release|iPhone.Deploy.0 = Release|Any CPU
		{C549ED1F-D6A4-4D5D-925A-43F9289994F4}.Release|iPhoneSimulator.ActiveCfg = Release|Any CPU
		{C549ED1F-D6A4-4D5D-925A-43F9289994F4}.Release|iPhoneSimulator.Build.0 = Release|Any CPU
		{C549ED1F-D6A4-4D5D-925A-43F9289994F4}.Release|iPhoneSimulator.Deploy.0 = Release|Any CPU
		{C549ED1F-D6A4-4D5D-925A-43F9289994F4}.Release|x64.ActiveCfg = Release|Any CPU
		{C549ED1F-D6A4-4D5D-925A-43F9289994F4}.Release|x64.Build.0 = Release|Any CPU
		{C549ED1F-D6A4-4D5D-925A-43F9289994F4}.Release|x64.Deploy.0 = Release|Any CPU
		{C549ED1F-D6A4-4D5D-925A-43F9289994F4}.Release|x86.ActiveCfg = Release|Any CPU
		{C549ED1F-D6A4-4D5D-925A-43F9289994F4}.Release|x86.Build.0 = Release|Any CPU
		{C549ED1F-D6A4-4D5D-925A-43F9289994F4}.Release|x86.Deploy.0 = Release|Any CPU
	EndGlobalSection
	GlobalSection(SolutionProperties) = preSolution
		HideSolutionNode = FALSE
	EndGlobalSection
	GlobalSection(ExtensibilityGlobals) = postSolution
		SolutionGuid = {DDCF8C97-8D03-4D29-B322-360E63EF7B11}
	EndGlobalSection
EndGlobal
